{
    "_meta": {
        "hash": {
            "sha256": "6363e2b1b79a7483287034c2087159e151aa7ab8ebcf4bde5a29b56f527d13bc"
        },
        "pipfile-spec": 6,
        "requires": {
            "python_version": "3"
        },
        "sources": [
            {
                "name": "pypi",
                "url": "https://pypi.tuna.tsinghua.edu.cn/simple",
                "verify_ssl": true
            }
        ]
    },
    "default": {},
    "develop": {}
}
